{
  "name": "private-npm-test",
  "version": "1.0.0",
  "lockfileVersion": 3,
  "requires": true,
  "packages": {
    "": {
      "name": "private-npm-test",
      "version": "1.0.0",
      "license": "MIT",
      "dependencies": {
        "private-npm": "github:johnwatson484/private-npm"
      }
    },
    "node_modules/private-npm": {
      "version": "1.0.0",
      "resolved": "git+ssh://git@github.com/johnwatson484/private-npm.git#4065fc010db0b92aec0c28033a0eadee3964584e",
      "license": "MIT"
    }
  }
}
